
Microsoft Visual Studio Solution File, Format Version 12.00
# Visual Studio Version 17
VisualStudioVersion = 17.4.33403.182
MinimumVisualStudioVersion = 10.0.40219.1
Project("{9A19103F-16F7-4668-BE54-9A1E7A4F7556}") = "EasySaveApp", "View\EasySaveApp.csproj", "{CA01F66B-A6FE-41F3-BB1D-3974504B2994}"
EndProject
Project("{9A19103F-16F7-4668-BE54-9A1E7A4F7556}") = "CryptoSoft", "CryptoSoft\CryptoSoft.csproj", "{42128791-CB38-4343-9B8B-0167A93BBEE3}"
EndProject
Project("{FAE04EC0-301F-11D3-BF4B-00C04F79EFBC}") = "ServeurClient", "ServeurClient\ServeurClient.csproj", "{0FEC58FD-695E-4C9C-9F51-78F0C3BA7784}"
EndProject
Global
	GlobalSection(SolutionConfigurationPlatforms) = preSolution
		Debug|Any CPU = Debug|Any CPU
		Release|Any CPU = Release|Any CPU
	EndGlobalSection
	GlobalSection(ProjectConfigurationPlatforms) = postSolution
		{CA01F66B-A6FE-41F3-BB1D-3974504B2994}.Debug|Any CPU.ActiveCfg = Debug|Any CPU
		{CA01F66B-A6FE-41F3-BB1D-3974504B2994}.Debug|Any CPU.Build.0 = Debug|Any CPU
		{CA01F66B-A6FE-41F3-BB1D-3974504B2994}.Release|Any CPU.ActiveCfg = Release|Any CPU
		{CA01F66B-A6FE-41F3-BB1D-3974504B2994}.Release|Any CPU.Build.0 = Release|Any CPU
		{42128791-CB38-4343-9B8B-0167A93BBEE3}.Debug|Any CPU.ActiveCfg = Debug|Any CPU
		{42128791-CB38-4343-9B8B-0167A93BBEE3}.Debug|Any CPU.Build.0 = Debug|Any CPU
		{42128791-CB38-4343-9B8B-0167A93BBEE3}.Release|Any CPU.ActiveCfg = Release|Any CPU
		{42128791-CB38-4343-9B8B-0167A93BBEE3}.Release|Any CPU.Build.0 = Release|Any CPU
		{0FEC58FD-695E-4C9C-9F51-78F0C3BA7784}.Debug|Any CPU.ActiveCfg = Debug|Any CPU
		{0FEC58FD-695E-4C9C-9F51-78F0C3BA7784}.Debug|Any CPU.Build.0 = Debug|Any CPU
		{0FEC58FD-695E-4C9C-9F51-78F0C3BA7784}.Release|Any CPU.ActiveCfg = Release|Any CPU
		{0FEC58FD-695E-4C9C-9F51-78F0C3BA7784}.Release|Any CPU.Build.0 = Release|Any CPU
	EndGlobalSection
	GlobalSection(SolutionProperties) = preSolution
		HideSolutionNode = FALSE
	EndGlobalSection
	GlobalSection(ExtensibilityGlobals) = postSolution
		SolutionGuid = {AE6FD46C-1172-4293-AE54-741D58ABCC10}
	EndGlobalSection
EndGlobal
